{
  "version": 4,
  "terraform_version": "1.9.2",
  "serial": 10,
  "lineage": "dce812bc-3325-dafc-ac10-73ba5366830a",
  "outputs": {
    "cluster_id": {
      "value": "b1a60070-e284-40d4-90c3-788d2f8413d3",
      "type": "string"
    },
    "cluster_name": {
      "value": "driif-dev-cluster",
      "type": "string"
    },
    "firewall_id": {
      "value": "4d0a7875-eac1-46a8-a05a-20edb3723f29",
      "type": "string"
    },
    "network_id": {
      "value": "0a67de0d-f81b-4c3a-90de-3d6d5374212b",
      "type": "string"
    }
  },
  "resources": [
    {
      "module": "module.cluster",
      "mode": "managed",
      "type": "civo_kubernetes_cluster",
      "name": "driif_cluster",
      "provider": "provider[\"registry.terraform.io/civo/civo\"]",
      "instances": [
        {
          "schema_version": 0,
          "attributes": {
            "api_endpoint": "https://74.220.20.95:6443",
            "applications": null,
            "cluster_type": "k3s",
            "cni": "flannel",
            "created_at": "2025-02-25 05:14:32 +0000 UTC",
            "dns_entry": "b1a60070-e284-40d4-90c3-788d2f8413d3.k8s.civo.com",
            "firewall_id": "4d0a7875-eac1-46a8-a05a-20edb3723f29",
            "id": "b1a60070-e284-40d4-90c3-788d2f8413d3",
            "installed_applications": [],
            "kubeconfig": "apiVersion: v1\nclusters:\n- cluster:\n    certificate-authority-data: LS0tLS1CRUdJTiBDRVJUSUZJQ0FURS0tLS0tCk1JSUJkakNDQVIyZ0F3SUJBZ0lCQURBS0JnZ3Foa2pPUFFRREFqQWpNU0V3SHdZRFZRUUREQmhyTTNNdGMyVnkKZG1WeUxXTmhRREUzTkRBME5qQTFOak13SGhjTk1qVXdNakkxTURVeE5qQXpXaGNOTXpVd01qSXpNRFV4TmpBegpXakFqTVNFd0h3WURWUVFEREJock0zTXRjMlZ5ZG1WeUxXTmhRREUzTkRBME5qQTFOak13V1RBVEJnY3Foa2pPClBRSUJCZ2dxaGtqT1BRTUJCd05DQUFTYTB1WjI1SGFCeWtZSTFlSDNmMmJZWmExbzVzNzRtMWZWbm1LMkdienQKWG9nOXJpUWc1U2hRY2Ftdm1qdGJCSFMzY3NmNkpzeFpiSVJ6Ny94UjFENzlvMEl3UURBT0JnTlZIUThCQWY4RQpCQU1DQXFRd0R3WURWUjBUQVFIL0JBVXdBd0VCL3pBZEJnTlZIUTRFRmdRVThHRFkxN1dqQ09QMzFlQWMrT0sxCklKU1hPOHd3Q2dZSUtvWkl6ajBFQXdJRFJ3QXdSQUlnQ2NzbzM3b3h4WjVQbnNjU1B5TjNXbU1xdDhzWXk0TlAKZUVUaENQdFhZTm9DSURiSFNWTWUzaVI0WVhqRXJZa2w4azNoQkpHRnQ4NitVbnBtT05NUXZQbGIKLS0tLS1FTkQgQ0VSVElGSUNBVEUtLS0tLQo=\n    server: https://74.220.20.95:6443\n  name: driif-dev-cluster\ncontexts:\n- context:\n    cluster: driif-dev-cluster\n    user: driif-dev-cluster\n  name: driif-dev-cluster\ncurrent-context: driif-dev-cluster\nkind: Config\npreferences: {}\nusers:\n- name: driif-dev-cluster\n  user:\n    client-certificate-data: LS0tLS1CRUdJTiBDRVJUSUZJQ0FURS0tLS0tCk1JSUJrVENDQVRlZ0F3SUJBZ0lJSUJYK3Z0cEhjdlV3Q2dZSUtvWkl6ajBFQXdJd0l6RWhNQjhHQTFVRUF3d1kKYXpOekxXTnNhV1Z1ZEMxallVQXhOelF3TkRZd05UWXpNQjRYRFRJMU1ESXlOVEExTVRZd00xb1hEVEkyTURJeQpOVEExTVRZd00xb3dNREVYTUJVR0ExVUVDaE1PYzNsemRHVnRPbTFoYzNSbGNuTXhGVEFUQmdOVkJBTVRESE41CmMzUmxiVHBoWkcxcGJqQlpNQk1HQnlxR1NNNDlBZ0VHQ0NxR1NNNDlBd0VIQTBJQUJCclVseXVMOGlDampqamMKMkM0dzg1ODlkWlVNVnNXR05BYVB6ZklDcnRvYjdKbW0wTkpJSFA5bGV2dW9OOGlOdkorNWRnOUkxOGVhaDNHSQp0R29aSVpXalNEQkdNQTRHQTFVZER3RUIvd1FFQXdJRm9EQVRCZ05WSFNVRUREQUtCZ2dyQmdFRkJRY0RBakFmCkJnTlZIU01FR0RBV2dCUUdHeFpTWTJLa3lPQ09VNUZUWHB5UCtScHhYVEFLQmdncWhrak9QUVFEQWdOSUFEQkYKQWlFQWlTVUtDQjBoQ3ZzZUhhVlNaeW5qSmN4NDZYcXdHZllnQXV3aEdWVjI3VVFDSUdsUjlNWVNDZTgrMFVGegpxMHZXZnFEUzh2UER0ZGE0S0MwQTh0dURtR3BnCi0tLS0tRU5EIENFUlRJRklDQVRFLS0tLS0KLS0tLS1CRUdJTiBDRVJUSUZJQ0FURS0tLS0tCk1JSUJkekNDQVIyZ0F3SUJBZ0lCQURBS0JnZ3Foa2pPUFFRREFqQWpNU0V3SHdZRFZRUUREQmhyTTNNdFkyeHAKWlc1MExXTmhRREUzTkRBME5qQTFOak13SGhjTk1qVXdNakkxTURVeE5qQXpXaGNOTXpVd01qSXpNRFV4TmpBegpXakFqTVNFd0h3WURWUVFEREJock0zTXRZMnhwWlc1MExXTmhRREUzTkRBME5qQTFOak13V1RBVEJnY3Foa2pPClBRSUJCZ2dxaGtqT1BRTUJCd05DQUFUbzN0aFdUWktxMFVrdE5MS2FwN0MzazBkY21vMU1uUUFvK3lGRUZFZGEKdGp5azFSNDJrUFN2eDMwWithRnVKd051L21hSVlhL2pZS2VvUzk0a0JXbXpvMEl3UURBT0JnTlZIUThCQWY4RQpCQU1DQXFRd0R3WURWUjBUQVFIL0JBVXdBd0VCL3pBZEJnTlZIUTRFRmdRVUJoc1dVbU5pcE1qZ2psT1JVMTZjCmova2FjVjB3Q2dZSUtvWkl6ajBFQXdJRFNBQXdSUUlnQndoUGc0M01HQ0NHTHdvSzE1TXNyMmkwV0w2clFlQU0KeGczVUkyMkY5UEVDSVFETkRMM1NXN1dKUlBSVGhJbTI5TTIvZXpSbWY3dmdzMnJZMGwwV0tCREZ0UT09Ci0tLS0tRU5EIENFUlRJRklDQVRFLS0tLS0K\n    client-key-data: LS0tLS1CRUdJTiBFQyBQUklWQVRFIEtFWS0tLS0tCk1IY0NBUUVFSVB2RUk4bE42RmNjK05ubytRODlucVgvdHFESGZ6TVVFcHI4UDdjUmdjR2pvQW9HQ0NxR1NNNDkKQXdFSG9VUURRZ0FFR3RTWEs0dnlJS09PT056WUxqRHpuejExbFF4V3hZWTBCby9OOGdLdTJodnNtYWJRMGtnYwovMlY2KzZnM3lJMjhuN2wyRDBqWHg1cUhjWWkwYWhraGxRPT0KLS0tLS1FTkQgRUMgUFJJVkFURSBLRVktLS0tLQo=\n",
            "kubernetes_version": "1.28.7-k3s1",
            "master_ip": "74.220.20.95",
            "name": "driif-dev-cluster",
            "network_id": "0a67de0d-f81b-4c3a-90de-3d6d5374212b",
            "num_target_nodes": 3,
            "pools": [
              {
                "instance_names": [
                  "k3s-driif-dev-cluster-7c08-273440-node-pool-9545-42jqf",
                  "k3s-driif-dev-cluster-7c08-273440-node-pool-9545-jpu9u",
                  "k3s-driif-dev-cluster-7c08-273440-node-pool-9545-oh65a"
                ],
                "label": "worker-pool",
                "labels": {},
                "node_count": 3,
                "public_ip_node_pool": false,
                "size": "g4s.kube.medium",
                "taint": []
              }
            ],
            "ready": false,
            "region": "LON1",
            "status": "SCALING",
            "tags": "",
            "target_nodes_size": "g4s.kube.medium",
            "timeouts": null
          },
          "sensitive_attributes": [
            [
              {
                "type": "get_attr",
                "value": "kubeconfig"
              }
            ]
          ],
          "private": "eyJlMmJmYjczMC1lY2FhLTExZTYtOGY4OC0zNDM2M2JjN2M0YzAiOnsiY3JlYXRlIjoxODAwMDAwMDAwMDAwLCJkZWxldGUiOjE4MDAwMDAwMDAwMDAsInVwZGF0ZSI6MTgwMDAwMDAwMDAwMH19",
          "dependencies": [
            "module.firewall.civo_firewall.driif_firewall",
            "module.network.civo_network.driif_network"
          ],
          "create_before_destroy": true
        }
      ]
    },
    {
      "module": "module.firewall",
      "mode": "managed",
      "type": "civo_firewall",
      "name": "driif_firewall",
      "provider": "provider[\"registry.terraform.io/civo/civo\"]",
      "instances": [
        {
          "schema_version": 0,
          "attributes": {
            "create_default_rules": true,
            "egress_rule": [
              {
                "action": "allow",
                "cidr": [
                  "0.0.0.0/0"
                ],
                "id": "8b81e08b-3546-4bcc-8e17-68babc1d5655",
                "label": "all-traffic",
                "port_range": "1-65535",
                "protocol": "tcp"
              }
            ],
            "id": "4d0a7875-eac1-46a8-a05a-20edb3723f29",
            "ingress_rule": [
              {
                "action": "allow",
                "cidr": [
                  "0.0.0.0/0"
                ],
                "id": "4a18f978-53ab-470a-9733-6a84fc751be5",
                "label": "k8s-api",
                "port_range": "6443",
                "protocol": "tcp"
              },
              {
                "action": "allow",
                "cidr": [
                  "0.0.0.0/0"
                ],
                "id": "b04d4ce1-f6b7-4b3c-a528-024dbb535bbb",
                "label": "ssh",
                "port_range": "22",
                "protocol": "tcp"
              }
            ],
            "name": "driif-dev-firewall",
            "network_id": "0a67de0d-f81b-4c3a-90de-3d6d5374212b",
            "region": "LON1",
            "timeouts": null
          },
          "sensitive_attributes": [],
          "private": "eyJlMmJmYjczMC1lY2FhLTExZTYtOGY4OC0zNDM2M2JjN2M0YzAiOnsiY3JlYXRlIjoxODAwMDAwMDAwMDAwLCJkZWxldGUiOjE4MDAwMDAwMDAwMDAsInVwZGF0ZSI6MTgwMDAwMDAwMDAwMH19",
          "dependencies": [
            "module.network.civo_network.driif_network"
          ],
          "create_before_destroy": true
        }
      ]
    },
    {
      "module": "module.network",
      "mode": "managed",
      "type": "civo_network",
      "name": "driif_network",
      "provider": "provider[\"registry.terraform.io/civo/civo\"]",
      "instances": [
        {
          "schema_version": 0,
          "attributes": {
            "cidr_v4": "10.0.0.0/24",
            "default": false,
            "id": "0a67de0d-f81b-4c3a-90de-3d6d5374212b",
            "label": "driif-dev-network",
            "name": "cust-driif-devypy-18e35cd4-49c53fd4996a",
            "nameservers_v4": [
              "8.8.8.8",
              "1.1.1.1"
            ],
            "region": "LON1",
            "timeouts": null,
            "vlan_allocation_pool_v4_end": null,
            "vlan_allocation_pool_v4_start": null,
            "vlan_cidr_v4": null,
            "vlan_gateway_ip_v4": null,
            "vlan_id": null,
            "vlan_physical_interface": null
          },
          "sensitive_attributes": [],
          "private": "eyJlMmJmYjczMC1lY2FhLTExZTYtOGY4OC0zNDM2M2JjN2M0YzAiOnsiY3JlYXRlIjoxODAwMDAwMDAwMDAwLCJkZWxldGUiOjE4MDAwMDAwMDAwMDAsInVwZGF0ZSI6MTgwMDAwMDAwMDAwMH19",
          "create_before_destroy": true
        }
      ]
    }
  ],
  "check_results": null
}
